// !$*UTF8*$!
{
	archiveVersion = 1;
	classes = {
	};
	objectVersion = 77;
	objects = {

/* Begin PBXBuildFile section */
		16A6E5C32E6386D600A5F086 /* Supabase in Frameworks */ = {isa = PBXBuildFile; productRef = 16A6E5C22E6386D600A5F086 /* Supabase */; };
/* End PBXBuildFile section */

/* Begin PBXContainerItemProxy section */
		16A6E5852E6380E000A5F086 /* PBXContainerItemProxy */ = {
			isa = PBXContainerItemProxy;
			containerPortal = 16A6E56F2E6380DD00A5F086 /* Project object */;
			proxyType = 1;
			remoteGlobalIDString = 16A6E5762E6380DD00A5F086;
			remoteInfo = "finanzas-personales-app";
		};
		16A6E58F2E6380E000A5F086 /* PBXContainerItemProxy */ = {
			isa = PBXContainerItemProxy;
			containerPortal = 16A6E56F2E6380DD00A5F086 /* Project object */;
			proxyType = 1;
			remoteGlobalIDString = 16A6E5762E6380DD00A5F086;
			remoteInfo = "finanzas-personales-app";
		};
/* End PBXContainerItemProxy section */

/* Begin PBXFileReference section */
		16A6E5772E6380DD00A5F086 /* finanzas-personales-app.app */ = {isa = PBXFileReference; explicitFileType = wrapper.application; includeInIndex = 0; path = "finanzas-personales-app.app"; sourceTree = BUILT_PRODUCTS_DIR; };
		16A6E5842E6380E000A5F086 /* finanzas-personales-appTests.xctest */ = {isa = PBXFileReference; explicitFileType = wrapper.cfbundle; includeInIndex = 0; path = "finanzas-personales-appTests.xctest"; sourceTree = BUILT_PRODUCTS_DIR; };
		16A6E58E2E6380E000A5F086 /* finanzas-personales-appUITests.xctest */ = {isa = PBXFileReference; explicitFileType = wrapper.cfbundle; includeInIndex = 0; path = "finanzas-personales-appUITests.xctest"; sourceTree = BUILT_PRODUCTS_DIR; };
/* End PBXFileReference section */

/* Begin PBXFileSystemSynchronizedBuildFileExceptionSet section */
		1692E5812E665EAB00E84AB6 /* Exceptions for "finanzas-personales-app" folder in "finanzas-personales-app" target */ = {
			isa = PBXFileSystemSynchronizedBuildFileExceptionSet;
			membershipExceptions = (
				Info.plist,
			);
			target = 16A6E5762E6380DD00A5F086 /* finanzas-personales-app */;
		};
/* End PBXFileSystemSynchronizedBuildFileExceptionSet section */

/* Begin PBXFileSystemSynchronizedRootGroup section */
		16A6E5792E6380DD00A5F086 /* finanzas-personales-app */ = {
			isa = PBXFileSystemSynchronizedRootGroup;
			exceptions = (
				1692E5812E665EAB00E84AB6 /* Exceptions for "finanzas-personales-app" folder in "finanzas-personales-app" target */,
			);
			path = "finanzas-personales-app";
			sourceTree = "<group>";
		};
		16A6E5872E6380E000A5F086 /* finanzas-personales-appTests */ = {
			isa = PBXFileSystemSynchronizedRootGroup;
			path = "finanzas-personales-appTests";
			sourceTree = "<group>";
		};
		16A6E5912E6380E000A5F086 /* finanzas-personales-appUITests */ = {
			isa = PBXFileSystemSynchronizedRootGroup;
			path = "finanzas-personales-appUITests";
			sourceTree = "<group>";
		};
/* End PBXFileSystemSynchronizedRootGroup section */

/* Begin PBXFrameworksBuildPhase section */
		16A6E5742E6380DD00A5F086 /* Frameworks */ = {
			isa = PBXFrameworksBuildPhase;
			buildActionMask = 2147483647;
			files = (
				16A6E5C32E6386D600A5F086 /* Supabase in Frameworks */,
			);
			runOnlyForDeploymentPostprocessing = 0;
		};
		16A6E5812E6380E000A5F086 /* Frameworks */ = {
			isa = PBXFrameworksBuildPhase;
			buildActionMask = 2147483647;
			files = (
			);
			runOnlyForDeploymentPostprocessing = 0;
		};
		16A6E58B2E6380E000A5F086 /* Frameworks */ = {
			isa = PBXFrameworksBuildPhase;
			buildActionMask = 2147483647;
			files = (
			);
			runOnlyForDeploymentPostprocessing = 0;
		};
/* End PBXFrameworksBuildPhase section */

/* Begin PBXGroup section */
		16A6E56E2E6380DD00A5F086 = {
			isa = PBXGroup;
			children = (
				16A6E5792E6380DD00A5F086 /* finanzas-personales-app */,
				16A6E5872E6380E000A5F086 /* finanzas-personales-appTests */,
				16A6E5912E6380E000A5F086 /* finanzas-personales-appUITests */,
				16A6E5C12E6386D600A5F086 /* Frameworks */,
				16A6E5782E6380DD00A5F086 /* Products */,
			);
			sourceTree = "<group>";
		};
		16A6E5782E6380DD00A5F086 /* Products */ = {
			isa = PBXGroup;
			children = (
				16A6E5772E6380DD00A5F086 /* finanzas-personales-app.app */,
				16A6E5842E6380E000A5F086 /* finanzas-personales-appTests.xctest */,
				16A6E58E2E6380E000A5F086 /* finanzas-personales-appUITests.xctest */,
			);
			name = Products;
			sourceTree = "<group>";
		};
		16A6E5C12E6386D600A5F086 /* Frameworks */ = {
			isa = PBXGroup;
			children = (
			);
			name = Frameworks;
			sourceTree = "<group>";
		};
/* End PBXGroup section */

/* Begin PBXNativeTarget section */
		16A6E5762E6380DD00A5F086 /* finanzas-personales-app */ = {
			isa = PBXNativeTarget;
			buildConfigurationList = 16A6E5982E6380E000A5F086 /* Build configuration list for PBXNativeTarget "finanzas-personales-app" */;
			buildPhases = (
				16A6E5732E6380DD00A5F086 /* Sources */,
				16A6E5742E6380DD00A5F086 /* Frameworks */,
				16A6E5752E6380DD00A5F086 /* Resources */,
			);
			buildRules = (
			);
			dependencies = (
			);
			fileSystemSynchronizedGroups = (
				16A6E5792E6380DD00A5F086 /* finanzas-personales-app */,
			);
			name = "finanzas-personales-app";
			packageProductDependencies = (
				16A6E5C22E6386D600A5F086 /* Supabase */,
			);
			productName = "finanzas-personales-app";
			productReference = 16A6E5772E6380DD00A5F086 /* finanzas-personales-app.app */;
			productType = "com.apple.product-type.application";
		};
		16A6E5832E6380E000A5F086 /* finanzas-personales-appTests */ = {
			isa = PBXNativeTarget;
			buildConfigurationList = 16A6E59B2E6380E000A5F086 /* Build configuration list for PBXNativeTarget "finanzas-personales-appTests" */;
			buildPhases = (
				16A6E5802E6380E000A5F086 /* Sources */,
				16A6E5812E6380E000A5F086 /* Frameworks */,
				16A6E5822E6380E000A5F086 /* Resources */,
			);
			buildRules = (
			);
			dependencies = (
				16A6E5862E6380E000A5F086 /* PBXTargetDependency */,
			);
			fileSystemSynchronizedGroups = (
				16A6E5872E6380E000A5F086 /* finanzas-personales-appTests */,
			);
			name = "finanzas-personales-appTests";
			packageProductDependencies = (
			);
			productName = "finanzas-personales-appTests";
			productReference = 16A6E5842E6380E000A5F086 /* finanzas-personales-appTests.xctest */;
			productType = "com.apple.product-type.bundle.unit-test";
		};
		16A6E58D2E6380E000A5F086 /* finanzas-personales-appUITests */ = {
			isa = PBXNativeTarget;
			buildConfigurationList = 16A6E59E2E6380E000A5F086 /* Build configuration list for PBXNativeTarget "finanzas-personales-appUITests" */;
			buildPhases = (
				16A6E58A2E6380E000A5F086 /* Sources */,
				16A6E58B2E6380E000A5F086 /* Frameworks */,
				16A6E58C2E6380E000A5F086 /* Resources */,
			);
			buildRules = (
			);
			dependencies = (
				16A6E5902E6380E000A5F086 /* PBXTargetDependency */,
			);
			fileSystemSynchronizedGroups = (
				16A6E5912E6380E000A5F086 /* finanzas-personales-appUITests */,
			);
			name = "finanzas-personales-appUITests";
			packageProductDependencies = (
			);
			productName = "finanzas-personales-appUITests";
			productReference = 16A6E58E2E6380E000A5F086 /* finanzas-personales-appUITests.xctest */;
			productType = "com.apple.product-type.bundle.ui-testing";
		};
/* End PBXNativeTarget section */

/* Begin PBXProject section */
		16A6E56F2E6380DD00A5F086 /* Project object */ = {
			isa = PBXProject;
			attributes = {
				BuildIndependentTargetsInParallel = 1;
				LastSwiftUpdateCheck = 1640;
				LastUpgradeCheck = 1640;
				TargetAttributes = {
					16A6E5762E6380DD00A5F086 = {
						CreatedOnToolsVersion = 16.4;
					};
					16A6E5832E6380E000A5F086 = {
						CreatedOnToolsVersion = 16.4;
						TestTargetID = 16A6E5762E6380DD00A5F086;
					};
					16A6E58D2E6380E000A5F086 = {
						CreatedOnToolsVersion = 16.4;
						TestTargetID = 16A6E5762E6380DD00A5F086;
					};
				};
			};
			buildConfigurationList = 16A6E5722E6380DD00A5F086 /* Build configuration list for PBXProject "finanzas-personales-app" */;
			developmentRegion = en;
			hasScannedForEncodings = 0;
			knownRegions = (
				en,
				Base,
			);
			mainGroup = 16A6E56E2E6380DD00A5F086;
			minimizedProjectReferenceProxies = 1;
			packageReferences = (
				16A6E5BF2E6384B300A5F086 /* XCRemoteSwiftPackageReference "swift-algorithms" */,
				16A6E5C02E6384E900A5F086 /* XCRemoteSwiftPackageReference "supabase-swift" */,
			);
			preferredProjectObjectVersion = 77;
			productRefGroup = 16A6E5782E6380DD00A5F086 /* Products */;
			projectDirPath = "";
			projectRoot = "";
			targets = (
				16A6E5762E6380DD00A5F086 /* finanzas-personales-app */,
				16A6E5832E6380E000A5F086 /* finanzas-personales-appTests */,
				16A6E58D2E6380E000A5F086 /* finanzas-personales-appUITests */,
			);
		};
/* End PBXProject section */

/* Begin PBXResourcesBuildPhase section */
		16A6E5752E6380DD00A5F086 /* Resources */ = {
			isa = PBXResourcesBuildPhase;
			buildActionMask = 2147483647;
			files = (
			);
			runOnlyForDeploymentPostprocessing = 0;
		};
		16A6E5822E6380E000A5F086 /* Resources */ = {
			isa = PBXResourcesBuildPhase;
			buildActionMask = 2147483647;
			files = (
			);
			runOnlyForDeploymentPostprocessing = 0;
		};
		16A6E58C2E6380E000A5F086 /* Resources */ = {
			isa = PBXResourcesBuildPhase;
			buildActionMask = 2147483647;
			files = (
			);
			runOnlyForDeploymentPostprocessing = 0;
		};
/* End PBXResourcesBuildPhase section */

/* Begin PBXSourcesBuildPhase section */
		16A6E5732E6380DD00A5F086 /* Sources */ = {
			isa = PBXSourcesBuildPhase;
			buildActionMask = 2147483647;
			files = (
			);
			runOnlyForDeploymentPostprocessing = 0;
		};
		16A6E5802E6380E000A5F086 /* Sources */ = {
			isa = PBXSourcesBuildPhase;
			buildActionMask = 2147483647;
			files = (
			);
			runOnlyForDeploymentPostprocessing = 0;
		};
		16A6E58A2E6380E000A5F086 /* Sources */ = {
			isa = PBXSourcesBuildPhase;
			buildActionMask = 2147483647;
			files = (
			);
			runOnlyForDeploymentPostprocessing = 0;
		};
/* End PBXSourcesBuildPhase section */

/* Begin PBXTargetDependency section */
		16A6E5862E6380E000A5F086 /* PBXTargetDependency */ = {
			isa = PBXTargetDependency;
			target = 16A6E5762E6380DD00A5F086 /* finanzas-personales-app */;
			targetProxy = 16A6E5852E6380E000A5F086 /* PBXContainerItemProxy */;
		};
		16A6E5902E6380E000A5F086 /* PBXTargetDependency */ = {
			isa = PBXTargetDependency;
			target = 16A6E5762E6380DD00A5F086 /* finanzas-personales-app */;
			targetProxy = 16A6E58F2E6380E000A5F086 /* PBXContainerItemProxy */;
		};
/* End PBXTargetDependency section */

/* Begin XCBuildConfiguration section */
		16A6E5962E6380E000A5F086 /* Debug */ = {
			isa = XCBuildConfiguration;
			buildSettings = {
				ALWAYS_SEARCH_USER_PATHS = NO;
				ASSETCATALOG_COMPILER_GENERATE_SWIFT_ASSET_SYMBOL_EXTENSIONS = YES;
				CLANG_ANALYZER_NONNULL = YES;
				CLANG_ANALYZER_NUMBER_OBJECT_CONVERSION = YES_AGGRESSIVE;
				CLANG_CXX_LANGUAGE_STANDARD = "gnu++20";
				CLANG_ENABLE_MODULES = YES;
				CLANG_ENABLE_OBJC_ARC = YES;
				CLANG_ENABLE_OBJC_WEAK = YES;
				CLANG_WARN_BLOCK_CAPTURE_AUTORELEASING = YES;
				CLANG_WARN_BOOL_CONVERSION = YES;
				CLANG_WARN_COMMA = YES;
				CLANG_WARN_CONSTANT_CONVERSION = YES;
				CLANG_WARN_DEPRECATED_OBJC_IMPLEMENTATIONS = YES;
				CLANG_WARN_DIRECT_OBJC_ISA_USAGE = YES_ERROR;
				CLANG_WARN_DOCUMENTATION_COMMENTS = YES;
				CLANG_WARN_EMPTY_BODY = YES;
				CLANG_WARN_ENUM_CONVERSION = YES;
				CLANG_WARN_INFINITE_RECURSION = YES;
				CLANG_WARN_INT_CONVERSION = YES;
				CLANG_WARN_NON_LITERAL_NULL_CONVERSION = YES;
				CLANG_WARN_OBJC_IMPLICIT_RETAIN_SELF = YES;
				CLANG_WARN_OBJC_LITERAL_CONVERSION = YES;
				CLANG_WARN_OBJC_ROOT_CLASS = YES_ERROR;
				CLANG_WARN_QUOTED_INCLUDE_IN_FRAMEWORK_HEADER = YES;
				CLANG_WARN_RANGE_LOOP_ANALYSIS = YES;
				CLANG_WARN_STRICT_PROTOTYPES = YES;
				CLANG_WARN_SUSPICIOUS_MOVE = YES;
				CLANG_WARN_UNGUARDED_AVAILABILITY = YES_AGGRESSIVE;
				CLANG_WARN_UNREACHABLE_CODE = YES;
				CLANG_WARN__DUPLICATE_METHOD_MATCH = YES;
				COPY_PHASE_STRIP = NO;
				DEBUG_INFORMATION_FORMAT = dwarf;
				DEVELOPMENT_TEAM = B3Y6Z2S57D;
				ENABLE_STRICT_OBJC_MSGSEND = YES;
				ENABLE_TESTABILITY = YES;
				ENABLE_USER_SCRIPT_SANDBOXING = YES;
				GCC_C_LANGUAGE_STANDARD = gnu17;
				GCC_DYNAMIC_NO_PIC = NO;
				GCC_NO_COMMON_BLOCKS = YES;
				GCC_OPTIMIZATION_LEVEL = 0;
				GCC_PREPROCESSOR_DEFINITIONS = (
					"DEBUG=1",
					"$(inherited)",
				);
				GCC_WARN_64_TO_32_BIT_CONVERSION = YES;
				GCC_WARN_ABOUT_RETURN_TYPE = YES_ERROR;
				GCC_WARN_UNDECLARED_SELECTOR = YES;
				GCC_WARN_UNINITIALIZED_AUTOS = YES_AGGRESSIVE;
				GCC_WARN_UNUSED_FUNCTION = YES;
				GCC_WARN_UNUSED_VARIABLE = YES;
				IPHONEOS_DEPLOYMENT_TARGET = 18.5;
				LOCALIZATION_PREFERS_STRING_CATALOGS = YES;
				MTL_ENABLE_DEBUG_INFO = INCLUDE_SOURCE;
				MTL_FAST_MATH = YES;
				ONLY_ACTIVE_ARCH = YES;
				SDKROOT = iphoneos;
				SWIFT_ACTIVE_COMPILATION_CONDITIONS = "DEBUG $(inherited)";
				SWIFT_OPTIMIZATION_LEVEL = "-Onone";
			};
			name = Debug;
		};
		16A6E5972E6380E000A5F086 /* Release */ = {
			isa = XCBuildConfiguration;
			buildSettings = {
				ALWAYS_SEARCH_USER_PATHS = NO;
				ASSETCATALOG_COMPILER_GENERATE_SWIFT_ASSET_SYMBOL_EXTENSIONS = YES;
				CLANG_ANALYZER_NONNULL = YES;
				CLANG_ANALYZER_NUMBER_OBJECT_CONVERSION = YES_AGGRESSIVE;
				CLANG_CXX_LANGUAGE_STANDARD = "gnu++20";
				CLANG_ENABLE_MODULES = YES;
				CLANG_ENABLE_OBJC_ARC = YES;
				CLANG_ENABLE_OBJC_WEAK = YES;
				CLANG_WARN_BLOCK_CAPTURE_AUTORELEASING = YES;
				CLANG_WARN_BOOL_CONVERSION = YES;
				CLANG_WARN_COMMA = YES;
				CLANG_WARN_CONSTANT_CONVERSION = YES;
				CLANG_WARN_DEPRECATED_OBJC_IMPLEMENTATIONS = YES;
				CLANG_WARN_DIRECT_OBJC_ISA_USAGE = YES_ERROR;
				CLANG_WARN_DOCUMENTATION_COMMENTS = YES;
				CLANG_WARN_EMPTY_BODY = YES;
				CLANG_WARN_ENUM_CONVERSION = YES;
				CLANG_WARN_INFINITE_RECURSION = YES;
				CLANG_WARN_INT_CONVERSION = YES;
				CLANG_WARN_NON_LITERAL_NULL_CONVERSION = YES;
				CLANG_WARN_OBJC_IMPLICIT_RETAIN_SELF = YES;
				CLANG_WARN_OBJC_LITERAL_CONVERSION = YES;
				CLANG_WARN_OBJC_ROOT_CLASS = YES_ERROR;
				CLANG_WARN_QUOTED_INCLUDE_IN_FRAMEWORK_HEADER = YES;
				CLANG_WARN_RANGE_LOOP_ANALYSIS = YES;
				CLANG_WARN_STRICT_PROTOTYPES = YES;
				CLANG_WARN_SUSPICIOUS_MOVE = YES;
				CLANG_WARN_UNGUARDED_AVAILABILITY = YES_AGGRESSIVE;
				CLANG_WARN_UNREACHABLE_CODE = YES;
				CLANG_WARN__DUPLICATE_METHOD_MATCH = YES;
				COPY_PHASE_STRIP = NO;
				DEBUG_INFORMATION_FORMAT = "dwarf-with-dsym";
				DEVELOPMENT_TEAM = B3Y6Z2S57D;
				ENABLE_NS_ASSERTIONS = NO;
				ENABLE_STRICT_OBJC_MSGSEND = YES;
				ENABLE_USER_SCRIPT_SANDBOXING = YES;
				GCC_C_LANGUAGE_STANDARD = gnu17;
				GCC_NO_COMMON_BLOCKS = YES;
				GCC_WARN_64_TO_32_BIT_CONVERSION = YES;
				GCC_WARN_ABOUT_RETURN_TYPE = YES_ERROR;
				GCC_WARN_UNDECLARED_SELECTOR = YES;
				GCC_WARN_UNINITIALIZED_AUTOS = YES_AGGRESSIVE;
				GCC_WARN_UNUSED_FUNCTION = YES;
				GCC_WARN_UNUSED_VARIABLE = YES;
				IPHONEOS_DEPLOYMENT_TARGET = 18.5;
				LOCALIZATION_PREFERS_STRING_CATALOGS = YES;
				MTL_ENABLE_DEBUG_INFO = NO;
				MTL_FAST_MATH = YES;
				SDKROOT = iphoneos;
				SWIFT_COMPILATION_MODE = wholemodule;
				VALIDATE_PRODUCT = YES;
			};
			name = Release;
		};
		16A6E5992E6380E000A5F086 /* Debug */ = {
			isa = XCBuildConfiguration;
			buildSettings = {
				ASSETCATALOG_COMPILER_APPICON_NAME = AppIcon;
				ASSETCATALOG_COMPILER_GLOBAL_ACCENT_COLOR_NAME = AccentColor;
				CODE_SIGN_STYLE = Automatic;
				CURRENT_PROJECT_VERSION = 1;
				DEVELOPMENT_TEAM = B3Y6Z2S57D;
				ENABLE_PREVIEWS = YES;
				GENERATE_INFOPLIST_FILE = YES;
				INFOPLIST_FILE = "finanzas-personales-app/Info.plist";
				INFOPLIST_KEY_UIApplicationSceneManifest_Generation = YES;
				INFOPLIST_KEY_UIApplicationSupportsIndirectInputEvents = YES;
				INFOPLIST_KEY_UILaunchScreen_Generation = YES;
				INFOPLIST_KEY_UISupportedInterfaceOrientations_iPad = "UIInterfaceOrientationPortrait UIInterfaceOrientationPortraitUpsideDown UIInterfaceOrientationLandscapeLeft UIInterfaceOrientationLandscapeRight";
				INFOPLIST_KEY_UISupportedInterfaceOrientations_iPhone = "UIInterfaceOrientationPortrait UIInterfaceOrientationLandscapeLeft UIInterfaceOrientationLandscapeRight";
				LD_RUNPATH_SEARCH_PATHS = (
					"$(inherited)",
					"@executable_path/Frameworks",
				);
				MARKETING_VERSION = 1.0;
				PRODUCT_BUNDLE_IDENTIFIER = "com.FinAL.finanzas-personales-app";
				PRODUCT_NAME = "$(TARGET_NAME)";
				SWIFT_EMIT_LOC_STRINGS = YES;
				SWIFT_VERSION = 5.0;
				TARGETED_DEVICE_FAMILY = "1,2";
			};
			name = Debug;
		};
		16A6E59A2E6380E000A5F086 /* Release */ = {
			isa = XCBuildConfiguration;
			buildSettings = {
				ASSETCATALOG_COMPILER_APPICON_NAME = AppIcon;
				ASSETCATALOG_COMPILER_GLOBAL_ACCENT_COLOR_NAME = AccentColor;
				CODE_SIGN_STYLE = Automatic;
				CURRENT_PROJECT_VERSION = 1;
				DEVELOPMENT_TEAM = B3Y6Z2S57D;
				ENABLE_PREVIEWS = YES;
				GENERATE_INFOPLIST_FILE = YES;
				INFOPLIST_FILE = "finanzas-personales-app/Info.plist";
				INFOPLIST_KEY_UIApplicationSceneManifest_Generation = YES;
				INFOPLIST_KEY_UIApplicationSupportsIndirectInputEvents = YES;
				INFOPLIST_KEY_UILaunchScreen_Generation = YES;
				INFOPLIST_KEY_UISupportedInterfaceOrientations_iPad = "UIInterfaceOrientationPortrait UIInterfaceOrientationPortraitUpsideDown UIInterfaceOrientationLandscapeLeft UIInterfaceOrientationLandscapeRight";
				INFOPLIST_KEY_UISupportedInterfaceOrientations_iPhone = "UIInterfaceOrientationPortrait UIInterfaceOrientationLandscapeLeft UIInterfaceOrientationLandscapeRight";
				LD_RUNPATH_SEARCH_PATHS = (
					"$(inherited)",
					"@executable_path/Frameworks",
				);
				MARKETING_VERSION = 1.0;
				PRODUCT_BUNDLE_IDENTIFIER = "com.FinAL.finanzas-personales-app";
				PRODUCT_NAME = "$(TARGET_NAME)";
				SWIFT_EMIT_LOC_STRINGS = YES;
				SWIFT_VERSION = 5.0;
				TARGETED_DEVICE_FAMILY = "1,2";
			};
			name = Release;
		};
		16A6E59C2E6380E000A5F086 /* Debug */ = {
			isa = XCBuildConfiguration;
			buildSettings = {
				BUNDLE_LOADER = "$(TEST_HOST)";
				CODE_SIGN_STYLE = Automatic;
				CURRENT_PROJECT_VERSION = 1;
				DEVELOPMENT_TEAM = B3Y6Z2S57D;
				GENERATE_INFOPLIST_FILE = YES;
				IPHONEOS_DEPLOYMENT_TARGET = 18.5;
				MARKETING_VERSION = 1.0;
				PRODUCT_BUNDLE_IDENTIFIER = "com.FinAL.finanzas-personales-appTests";
				PRODUCT_NAME = "$(TARGET_NAME)";
				SWIFT_EMIT_LOC_STRINGS = NO;
				SWIFT_VERSION = 5.0;
				TARGETED_DEVICE_FAMILY = "1,2";
				TEST_HOST = "$(BUILT_PRODUCTS_DIR)/finanzas-personales-app.app/$(BUNDLE_EXECUTABLE_FOLDER_PATH)/finanzas-personales-app";
			};
			name = Debug;
		};
		16A6E59D2E6380E000A5F086 /* Release */ = {
			isa = XCBuildConfiguration;
			buildSettings = {
				BUNDLE_LOADER = "$(TEST_HOST)";
				CODE_SIGN_STYLE = Automatic;
				CURRENT_PROJECT_VERSION = 1;
				DEVELOPMENT_TEAM = B3Y6Z2S57D;
				GENERATE_INFOPLIST_FILE = YES;
				IPHONEOS_DEPLOYMENT_TARGET = 18.5;
				MARKETING_VERSION = 1.0;
				PRODUCT_BUNDLE_IDENTIFIER = "com.FinAL.finanzas-personales-appTests";
				PRODUCT_NAME = "$(TARGET_NAME)";
				SWIFT_EMIT_LOC_STRINGS = NO;
				SWIFT_VERSION = 5.0;
				TARGETED_DEVICE_FAMILY = "1,2";
				TEST_HOST = "$(BUILT_PRODUCTS_DIR)/finanzas-personales-app.app/$(BUNDLE_EXECUTABLE_FOLDER_PATH)/finanzas-personales-app";
			};
			name = Release;
		};
		16A6E59F2E6380E000A5F086 /* Debug */ = {
			isa = XCBuildConfiguration;
			buildSettings = {
				CODE_SIGN_STYLE = Automatic;
				CURRENT_PROJECT_VERSION = 1;
				DEVELOPMENT_TEAM = B3Y6Z2S57D;
				GENERATE_INFOPLIST_FILE = YES;
				MARKETING_VERSION = 1.0;
				PRODUCT_BUNDLE_IDENTIFIER = "com.FinAL.finanzas-personales-appUITests";
				PRODUCT_NAME = "$(TARGET_NAME)";
				SWIFT_EMIT_LOC_STRINGS = NO;
				SWIFT_VERSION = 5.0;
				TARGETED_DEVICE_FAMILY = "1,2";
				TEST_TARGET_NAME = "finanzas-personales-app";
			};
			name = Debug;
		};
		16A6E5A02E6380E000A5F086 /* Release */ = {
			isa = XCBuildConfiguration;
			buildSettings = {
				CODE_SIGN_STYLE = Automatic;
				CURRENT_PROJECT_VERSION = 1;
				DEVELOPMENT_TEAM = B3Y6Z2S57D;
				GENERATE_INFOPLIST_FILE = YES;
				MARKETING_VERSION = 1.0;
				PRODUCT_BUNDLE_IDENTIFIER = "com.FinAL.finanzas-personales-appUITests";
				PRODUCT_NAME = "$(TARGET_NAME)";
				SWIFT_EMIT_LOC_STRINGS = NO;
				SWIFT_VERSION = 5.0;
				TARGETED_DEVICE_FAMILY = "1,2";
				TEST_TARGET_NAME = "finanzas-personales-app";
			};
			name = Release;
		};
/* End XCBuildConfiguration section */

/* Begin XCConfigurationList section */
		16A6E5722E6380DD00A5F086 /* Build configuration list for PBXProject "finanzas-personales-app" */ = {
			isa = XCConfigurationList;
			buildConfigurations = (
				16A6E5962E6380E000A5F086 /* Debug */,
				16A6E5972E6380E000A5F086 /* Release */,
			);
			defaultConfigurationIsVisible = 0;
			defaultConfigurationName = Release;
		};
		16A6E5982E6380E000A5F086 /* Build configuration list for PBXNativeTarget "finanzas-personales-app" */ = {
			isa = XCConfigurationList;
			buildConfigurations = (
				16A6E5992E6380E000A5F086 /* Debug */,
				16A6E59A2E6380E000A5F086 /* Release */,
			);
			defaultConfigurationIsVisible = 0;
			defaultConfigurationName = Release;
		};
		16A6E59B2E6380E000A5F086 /* Build configuration list for PBXNativeTarget "finanzas-personales-appTests" */ = {
			isa = XCConfigurationList;
			buildConfigurations = (
				16A6E59C2E6380E000A5F086 /* Debug */,
				16A6E59D2E6380E000A5F086 /* Release */,
			);
			defaultConfigurationIsVisible = 0;
			defaultConfigurationName = Release;
		};
		16A6E59E2E6380E000A5F086 /* Build configuration list for PBXNativeTarget "finanzas-personales-appUITests" */ = {
			isa = XCConfigurationList;
			buildConfigurations = (
				16A6E59F2E6380E000A5F086 /* Debug */,
				16A6E5A02E6380E000A5F086 /* Release */,
			);
			defaultConfigurationIsVisible = 0;
			defaultConfigurationName = Release;
		};
/* End XCConfigurationList section */

/* Begin XCRemoteSwiftPackageReference section */
		16A6E5BF2E6384B300A5F086 /* XCRemoteSwiftPackageReference "swift-algorithms" */ = {
			isa = XCRemoteSwiftPackageReference;
			repositoryURL = "https://github.com/apple/swift-algorithms.git";
			requirement = {
				kind = upToNextMajorVersion;
				minimumVersion = 1.2.1;
			};
		};
		16A6E5C02E6384E900A5F086 /* XCRemoteSwiftPackageReference "supabase-swift" */ = {
			isa = XCRemoteSwiftPackageReference;
			repositoryURL = "https://github.com/supabase/supabase-swift";
			requirement = {
				kind = upToNextMajorVersion;
				minimumVersion = 2.5.1;
			};
		};
/* End XCRemoteSwiftPackageReference section */

/* Begin XCSwiftPackageProductDependency section */
		16A6E5C22E6386D600A5F086 /* Supabase */ = {
			isa = XCSwiftPackageProductDependency;
			package = 16A6E5C02E6384E900A5F086 /* XCRemoteSwiftPackageReference "supabase-swift" */;
			productName = Supabase;
		};
/* End XCSwiftPackageProductDependency section */
	};
	rootObject = 16A6E56F2E6380DD00A5F086 /* Project object */;
}
